
Microsoft Visual Studio Solution File, Format Version 12.00
# Visual Studio Version 17
VisualStudioVersion = 17.6.33723.286
MinimumVisualStudioVersion = 10.0.40219.1
Project("{9A19103F-16F7-4668-BE54-9A1E7A4F7556}") = "MyCafe.API", "MyCafe.API\MyCafe.API.csproj", "{54D28F65-0EB3-4DB3-8618-4FA672F2FBE2}"
EndProject
Project("{9A19103F-16F7-4668-BE54-9A1E7A4F7556}") = "MyCafe.DataAccess", "MyCafe.DataAccess\MyCafe.DataAccess.csproj", "{5C7B65C1-A9F2-461F-AC38-D50893771A81}"
EndProject
Project("{9A19103F-16F7-4668-BE54-9A1E7A4F7556}") = "MyCafe.Models", "MyCafe.Models\MyCafe.Models.csproj", "{6918A663-F8BB-4265-9236-A9E850D04E48}"
EndProject
Project("{9A19103F-16F7-4668-BE54-9A1E7A4F7556}") = "MyCafe.Services", "MyCafe.Services\MyCafe.Services.csproj", "{E58896A5-2447-4832-910B-EDF7177994FC}"
	ProjectSection(ProjectDependencies) = postProject
		{5C7B65C1-A9F2-461F-AC38-D50893771A81} = {5C7B65C1-A9F2-461F-AC38-D50893771A81}
	EndProjectSection
EndProject
Global
	GlobalSection(SolutionConfigurationPlatforms) = preSolution
		Debug|Any CPU = Debug|Any CPU
		Release|Any CPU = Release|Any CPU
	EndGlobalSection
	GlobalSection(ProjectConfigurationPlatforms) = postSolution
		{54D28F65-0EB3-4DB3-8618-4FA672F2FBE2}.Debug|Any CPU.ActiveCfg = Debug|Any CPU
		{54D28F65-0EB3-4DB3-8618-4FA672F2FBE2}.Debug|Any CPU.Build.0 = Debug|Any CPU
		{54D28F65-0EB3-4DB3-8618-4FA672F2FBE2}.Release|Any CPU.ActiveCfg = Release|Any CPU
		{54D28F65-0EB3-4DB3-8618-4FA672F2FBE2}.Release|Any CPU.Build.0 = Release|Any CPU
		{5C7B65C1-A9F2-461F-AC38-D50893771A81}.Debug|Any CPU.ActiveCfg = Debug|Any CPU
		{5C7B65C1-A9F2-461F-AC38-D50893771A81}.Debug|Any CPU.Build.0 = Debug|Any CPU
		{5C7B65C1-A9F2-461F-AC38-D50893771A81}.Release|Any CPU.ActiveCfg = Release|Any CPU
		{5C7B65C1-A9F2-461F-AC38-D50893771A81}.Release|Any CPU.Build.0 = Release|Any CPU
		{6918A663-F8BB-4265-9236-A9E850D04E48}.Debug|Any CPU.ActiveCfg = Debug|Any CPU
		{6918A663-F8BB-4265-9236-A9E850D04E48}.Debug|Any CPU.Build.0 = Debug|Any CPU
		{6918A663-F8BB-4265-9236-A9E850D04E48}.Release|Any CPU.ActiveCfg = Release|Any CPU
		{6918A663-F8BB-4265-9236-A9E850D04E48}.Release|Any CPU.Build.0 = Release|Any CPU
		{E58896A5-2447-4832-910B-EDF7177994FC}.Debug|Any CPU.ActiveCfg = Debug|Any CPU
		{E58896A5-2447-4832-910B-EDF7177994FC}.Debug|Any CPU.Build.0 = Debug|Any CPU
		{E58896A5-2447-4832-910B-EDF7177994FC}.Release|Any CPU.ActiveCfg = Release|Any CPU
		{E58896A5-2447-4832-910B-EDF7177994FC}.Release|Any CPU.Build.0 = Release|Any CPU
	EndGlobalSection
	GlobalSection(SolutionProperties) = preSolution
		HideSolutionNode = FALSE
	EndGlobalSection
	GlobalSection(ExtensibilityGlobals) = postSolution
		SolutionGuid = {AF3F37AE-5418-4923-B7FB-8845B22FA09B}
	EndGlobalSection
EndGlobal
